schema: '2.0'
stages:
  prepare:
    cmd: python src/prepare_data.py
  train:
    cmd: python src/train.py
    deps:
    - path: data/processed.csv
      hash: md5
      md5: d76e0ec0bf78eda33c035478a1d9b931
      size: 28240
    - path: src/train.py
      hash: md5
      md5: 25846757a7a48f3bd93a8f82ce5fa406
      size: 11032
    outs:
    - path: models
      hash: md5
      md5: ac3f9934f748922cfe6fece9c4ccad9f.dir
      size: 3690
      nfiles: 1
  evaluate:
    cmd: python src/evaluate.py
    deps:
    - path: data/processed.csv
      hash: md5
      md5: d76e0ec0bf78eda33c035478a1d9b931
      size: 28240
    - path: models
      hash: md5
      md5: afa520e3dea7152628c9368a8b3b0171.dir
      size: 7380
      nfiles: 2
    - path: src/evaluate.py
      hash: md5
      md5: 1fc203c6371aad29d33a3887f997c784
      size: 8794
