schema: '2.0'
stages:
  prepare:
    cmd: python src/prepare_data.py
  train:
    cmd: python src/train.py
    deps:
    - path: data/processed.csv
      hash: md5
      md5: d76e0ec0bf78eda33c035478a1d9b931
      size: 28240
    - path: src/train.py
      hash: md5
      md5: a3e6c9e4d20018cc7e15602a2c3f3c96
      size: 8959
    outs:
    - path: models
      hash: md5
      md5: 3baffea6c4421b99d39995e3c0e2616b.dir
      size: 14776
      nfiles: 4
  evaluate:
    cmd: python src/evaluate.py
    deps:
    - path: data/processed.csv
      hash: md5
      md5: d76e0ec0bf78eda33c035478a1d9b931
      size: 28240
    - path: models/model.joblib
      hash: md5
      md5: 37cb4c7e1c7651d053182beb233bc53a
      size: 3690
    - path: src/evaluate.py
      hash: md5
      md5: b2ad880e0279084e3812701e06f5726d
      size: 7150
    outs:
    - path: reports/metrics.json
      hash: md5
      md5: 3de2495b0fa12fe704fb33bfe451a664
      size: 217
